
Microsoft Visual Studio Solution File, Format Version 12.00
# Visual Studio Version 17
VisualStudioVersion = 17.9.34622.214
MinimumVisualStudioVersion = 10.0.40219.1
Project("{FAE04EC0-301F-11D3-BF4B-00C04F79EFBC}") = "EmployeePortal.Web", "EmployeePortal.Web\EmployeePortal.Web.csproj", "{BF41BFBC-D7B8-418F-8828-898AF3FE254D}"
EndProject
Global
	GlobalSection(SolutionConfigurationPlatforms) = preSolution
		Debug|Any CPU = Debug|Any CPU
		Release|Any CPU = Release|Any CPU
	EndGlobalSection
	GlobalSection(ProjectConfigurationPlatforms) = postSolution
		{BF41BFBC-D7B8-418F-8828-898AF3FE254D}.Debug|Any CPU.ActiveCfg = Debug|Any CPU
		{BF41BFBC-D7B8-418F-8828-898AF3FE254D}.Debug|Any CPU.Build.0 = Debug|Any CPU
		{BF41BFBC-D7B8-418F-8828-898AF3FE254D}.Release|Any CPU.ActiveCfg = Release|Any CPU
		{BF41BFBC-D7B8-418F-8828-898AF3FE254D}.Release|Any CPU.Build.0 = Release|Any CPU
	EndGlobalSection
	GlobalSection(SolutionProperties) = preSolution
		HideSolutionNode = FALSE
	EndGlobalSection
	GlobalSection(ExtensibilityGlobals) = postSolution
		SolutionGuid = {1FB00683-A36F-44BD-97EA-72C621BF17DC}
	EndGlobalSection
EndGlobal
